// !$*UTF8*$!
{
	archiveVersion = 1;
	classes = {
	};
	objectVersion = 51;
	objects = {

/* Begin PBXBuildFile section */
		8863219EA68AFD1DC2B0E63E /* Pods_nakataPrice.framework in Frameworks */ = {isa = PBXBuildFile; fileRef = 5ADA8708220F5CCEBDCF8D7B /* Pods_nakataPrice.framework */; };
		C10D64D824039F0200349F2D /* MenuViewController.swift in Sources */ = {isa = PBXBuildFile; fileRef = C10D64D724039F0200349F2D /* MenuViewController.swift */; };
		C10D64DA2403A62400349F2D /* MenuCell.swift in Sources */ = {isa = PBXBuildFile; fileRef = C10D64D92403A62400349F2D /* MenuCell.swift */; };
		C137B54B240E462D0069489E /* CatalogViewController.swift in Sources */ = {isa = PBXBuildFile; fileRef = C137B54A240E462D0069489E /* CatalogViewController.swift */; };
		C137B54D240E466F0069489E /* DataViewController.swift in Sources */ = {isa = PBXBuildFile; fileRef = C137B54C240E466F0069489E /* DataViewController.swift */; };
		C137B550240E468F0069489E /* CustomPageViewController.swift in Sources */ = {isa = PBXBuildFile; fileRef = C137B54F240E468F0069489E /* CustomPageViewController.swift */; };
		C137B552240E46B80069489E /* BrandCell.swift in Sources */ = {isa = PBXBuildFile; fileRef = C137B551240E46B80069489E /* BrandCell.swift */; };
		C145D80223F651060025F490 /* ManualAdd.swift in Sources */ = {isa = PBXBuildFile; fileRef = C145D80123F651060025F490 /* ManualAdd.swift */; };
		C145D80623F670260025F490 /* ManualCell.swift in Sources */ = {isa = PBXBuildFile; fileRef = C145D80523F670260025F490 /* ManualCell.swift */; };
		C1556F2623A616AE0078F0F0 /* AppDelegate.swift in Sources */ = {isa = PBXBuildFile; fileRef = C1556F2523A616AE0078F0F0 /* AppDelegate.swift */; };
		C1556F2823A616AE0078F0F0 /* SceneDelegate.swift in Sources */ = {isa = PBXBuildFile; fileRef = C1556F2723A616AE0078F0F0 /* SceneDelegate.swift */; };
		C1556F2A23A616AE0078F0F0 /* CameraViewController.swift in Sources */ = {isa = PBXBuildFile; fileRef = C1556F2923A616AE0078F0F0 /* CameraViewController.swift */; };
		C1556F2C23A616AE0078F0F0 /* SalesViewController.swift in Sources */ = {isa = PBXBuildFile; fileRef = C1556F2B23A616AE0078F0F0 /* SalesViewController.swift */; };
		C1556F2F23A616AE0078F0F0 /* Main.storyboard in Resources */ = {isa = PBXBuildFile; fileRef = C1556F2D23A616AE0078F0F0 /* Main.storyboard */; };
		C1556F3123A616AF0078F0F0 /* Assets.xcassets in Resources */ = {isa = PBXBuildFile; fileRef = C1556F3023A616AF0078F0F0 /* Assets.xcassets */; };
		C1556F3423A616AF0078F0F0 /* LaunchScreen.storyboard in Resources */ = {isa = PBXBuildFile; fileRef = C1556F3223A616AF0078F0F0 /* LaunchScreen.storyboard */; };
		C1556F3D23A6199A0078F0F0 /* ProductCell.swift in Sources */ = {isa = PBXBuildFile; fileRef = C1556F3C23A6199A0078F0F0 /* ProductCell.swift */; };
		C1556F3F23A73FB40078F0F0 /* Constants.swift in Sources */ = {isa = PBXBuildFile; fileRef = C1556F3E23A73FB40078F0F0 /* Constants.swift */; };
		C1556F4123A7498B0078F0F0 /* GoogleService-Info.plist in Resources */ = {isa = PBXBuildFile; fileRef = C1556F4023A7498A0078F0F0 /* GoogleService-Info.plist */; };
		C1560A382402AE3E00D61072 /* ShopVewController.swift in Sources */ = {isa = PBXBuildFile; fileRef = C1560A372402AE3E00D61072 /* ShopVewController.swift */; };
		C1E52F13240691430018C9B2 /* ContainerViewController.swift in Sources */ = {isa = PBXBuildFile; fileRef = C1E52F12240691430018C9B2 /* ContainerViewController.swift */; };
		C1E52F15240695F70018C9B2 /* ContentViewController.swift in Sources */ = {isa = PBXBuildFile; fileRef = C1E52F14240695F70018C9B2 /* ContentViewController.swift */; };
		C1E6B16223FBD5FD00FC184D /* AddingScript.swift in Sources */ = {isa = PBXBuildFile; fileRef = C1E6B16123FBD5FD00FC184D /* AddingScript.swift */; };
/* End PBXBuildFile section */

/* Begin PBXFileReference section */
		5ADA8708220F5CCEBDCF8D7B /* Pods_nakataPrice.framework */ = {isa = PBXFileReference; explicitFileType = wrapper.framework; includeInIndex = 0; path = Pods_nakataPrice.framework; sourceTree = BUILT_PRODUCTS_DIR; };
		A17952AD301E5A98CBE27C19 /* Pods-nakataPrice.release.xcconfig */ = {isa = PBXFileReference; includeInIndex = 1; lastKnownFileType = text.xcconfig; name = "Pods-nakataPrice.release.xcconfig"; path = "Target Support Files/Pods-nakataPrice/Pods-nakataPrice.release.xcconfig"; sourceTree = "<group>"; };
		C10D64D724039F0200349F2D /* MenuViewController.swift */ = {isa = PBXFileReference; lastKnownFileType = sourcecode.swift; path = MenuViewController.swift; sourceTree = "<group>"; };
		C10D64D92403A62400349F2D /* MenuCell.swift */ = {isa = PBXFileReference; lastKnownFileType = sourcecode.swift; path = MenuCell.swift; sourceTree = "<group>"; };
		C137B54A240E462D0069489E /* CatalogViewController.swift */ = {isa = PBXFileReference; lastKnownFileType = sourcecode.swift; path = CatalogViewController.swift; sourceTree = "<group>"; };
		C137B54C240E466F0069489E /* DataViewController.swift */ = {isa = PBXFileReference; lastKnownFileType = sourcecode.swift; path = DataViewController.swift; sourceTree = "<group>"; };
		C137B54F240E468F0069489E /* CustomPageViewController.swift */ = {isa = PBXFileReference; lastKnownFileType = sourcecode.swift; path = CustomPageViewController.swift; sourceTree = "<group>"; };
		C137B551240E46B80069489E /* BrandCell.swift */ = {isa = PBXFileReference; lastKnownFileType = sourcecode.swift; path = BrandCell.swift; sourceTree = "<group>"; };
		C145D80123F651060025F490 /* ManualAdd.swift */ = {isa = PBXFileReference; lastKnownFileType = sourcecode.swift; path = ManualAdd.swift; sourceTree = "<group>"; };
		C145D80523F670260025F490 /* ManualCell.swift */ = {isa = PBXFileReference; lastKnownFileType = sourcecode.swift; path = ManualCell.swift; sourceTree = "<group>"; };
		C1556F2223A616AE0078F0F0 /* nakataPrice.app */ = {isa = PBXFileReference; explicitFileType = wrapper.application; includeInIndex = 0; path = nakataPrice.app; sourceTree = BUILT_PRODUCTS_DIR; };
		C1556F2523A616AE0078F0F0 /* AppDelegate.swift */ = {isa = PBXFileReference; lastKnownFileType = sourcecode.swift; path = AppDelegate.swift; sourceTree = "<group>"; };
		C1556F2723A616AE0078F0F0 /* SceneDelegate.swift */ = {isa = PBXFileReference; lastKnownFileType = sourcecode.swift; path = SceneDelegate.swift; sourceTree = "<group>"; };
		C1556F2923A616AE0078F0F0 /* CameraViewController.swift */ = {isa = PBXFileReference; lastKnownFileType = sourcecode.swift; path = CameraViewController.swift; sourceTree = "<group>"; };
		C1556F2B23A616AE0078F0F0 /* SalesViewController.swift */ = {isa = PBXFileReference; lastKnownFileType = sourcecode.swift; path = SalesViewController.swift; sourceTree = "<group>"; };
		C1556F2E23A616AE0078F0F0 /* Base */ = {isa = PBXFileReference; lastKnownFileType = file.storyboard; name = Base; path = Base.lproj/Main.storyboard; sourceTree = "<group>"; };
		C1556F3023A616AF0078F0F0 /* Assets.xcassets */ = {isa = PBXFileReference; lastKnownFileType = folder.assetcatalog; path = Assets.xcassets; sourceTree = "<group>"; };
		C1556F3323A616AF0078F0F0 /* Base */ = {isa = PBXFileReference; lastKnownFileType = file.storyboard; name = Base; path = Base.lproj/LaunchScreen.storyboard; sourceTree = "<group>"; };
		C1556F3523A616AF0078F0F0 /* Info.plist */ = {isa = PBXFileReference; lastKnownFileType = text.plist.xml; path = Info.plist; sourceTree = "<group>"; };
		C1556F3C23A6199A0078F0F0 /* ProductCell.swift */ = {isa = PBXFileReference; lastKnownFileType = sourcecode.swift; path = ProductCell.swift; sourceTree = "<group>"; };
		C1556F3E23A73FB40078F0F0 /* Constants.swift */ = {isa = PBXFileReference; lastKnownFileType = sourcecode.swift; path = Constants.swift; sourceTree = "<group>"; };
		C1556F4023A7498A0078F0F0 /* GoogleService-Info.plist */ = {isa = PBXFileReference; fileEncoding = 4; lastKnownFileType = text.plist.xml; path = "GoogleService-Info.plist"; sourceTree = "<group>"; };
		C1560A372402AE3E00D61072 /* ShopVewController.swift */ = {isa = PBXFileReference; lastKnownFileType = sourcecode.swift; path = ShopVewController.swift; sourceTree = "<group>"; };
		C1E52F12240691430018C9B2 /* ContainerViewController.swift */ = {isa = PBXFileReference; lastKnownFileType = sourcecode.swift; path = ContainerViewController.swift; sourceTree = "<group>"; };
		C1E52F14240695F70018C9B2 /* ContentViewController.swift */ = {isa = PBXFileReference; lastKnownFileType = sourcecode.swift; path = ContentViewController.swift; sourceTree = "<group>"; };
		C1E6B16123FBD5FD00FC184D /* AddingScript.swift */ = {isa = PBXFileReference; lastKnownFileType = sourcecode.swift; path = AddingScript.swift; sourceTree = "<group>"; };
		D5FB3F9B36B7BCCA5FA7A389 /* Pods-nakataPrice.debug.xcconfig */ = {isa = PBXFileReference; includeInIndex = 1; lastKnownFileType = text.xcconfig; name = "Pods-nakataPrice.debug.xcconfig"; path = "Target Support Files/Pods-nakataPrice/Pods-nakataPrice.debug.xcconfig"; sourceTree = "<group>"; };
/* End PBXFileReference section */

/* Begin PBXFrameworksBuildPhase section */
		C1556F1F23A616AE0078F0F0 /* Frameworks */ = {
			isa = PBXFrameworksBuildPhase;
			buildActionMask = 2147483647;
			files = (
				8863219EA68AFD1DC2B0E63E /* Pods_nakataPrice.framework in Frameworks */,
			);
			runOnlyForDeploymentPostprocessing = 0;
		};
/* End PBXFrameworksBuildPhase section */

/* Begin PBXGroup section */
		8B14351A4F34093F16C291FC /* Pods */ = {
			isa = PBXGroup;
			children = (
				D5FB3F9B36B7BCCA5FA7A389 /* Pods-nakataPrice.debug.xcconfig */,
				A17952AD301E5A98CBE27C19 /* Pods-nakataPrice.release.xcconfig */,
			);
			path = Pods;
			sourceTree = "<group>";
		};
		C10D64D624039E4300349F2D /* ShopView */ = {
			isa = PBXGroup;
			children = (
				C10D64D724039F0200349F2D /* MenuViewController.swift */,
				C1560A372402AE3E00D61072 /* ShopVewController.swift */,
				C1E52F12240691430018C9B2 /* ContainerViewController.swift */,
				C1E52F14240695F70018C9B2 /* ContentViewController.swift */,
			);
			path = ShopView;
			sourceTree = "<group>";
		};
		C137B549240E45D40069489E /* CatalogView */ = {
			isa = PBXGroup;
			children = (
				C137B54A240E462D0069489E /* CatalogViewController.swift */,
				C137B54C240E466F0069489E /* DataViewController.swift */,
				C137B54F240E468F0069489E /* CustomPageViewController.swift */,
			);
			path = CatalogView;
			sourceTree = "<group>";
		};
		C145D80323F66FC50025F490 /* Cells */ = {
			isa = PBXGroup;
			children = (
				C1556F3C23A6199A0078F0F0 /* ProductCell.swift */,
				C145D80523F670260025F490 /* ManualCell.swift */,
				C10D64D92403A62400349F2D /* MenuCell.swift */,
				C137B551240E46B80069489E /* BrandCell.swift */,
			);
			path = Cells;
			sourceTree = "<group>";
		};
		C1556F1923A616AE0078F0F0 = {
			isa = PBXGroup;
			children = (
				C1556F2423A616AE0078F0F0 /* nakataPrice */,
				C1556F2323A616AE0078F0F0 /* Products */,
				8B14351A4F34093F16C291FC /* Pods */,
				E98A6558D3D022E27B4B06B5 /* Frameworks */,
			);
			sourceTree = "<group>";
		};
		C1556F2323A616AE0078F0F0 /* Products */ = {
			isa = PBXGroup;
			children = (
				C1556F2223A616AE0078F0F0 /* nakataPrice.app */,
			);
			name = Products;
			sourceTree = "<group>";
		};
		C1556F2423A616AE0078F0F0 /* nakataPrice */ = {
			isa = PBXGroup;
			children = (
				C1556F3B23A616EC0078F0F0 /* Controllers */,
				C145D80323F66FC50025F490 /* Cells */,
				C1556F2523A616AE0078F0F0 /* AppDelegate.swift */,
				C1E6B16123FBD5FD00FC184D /* AddingScript.swift */,
				C1556F2723A616AE0078F0F0 /* SceneDelegate.swift */,
				C1556F3E23A73FB40078F0F0 /* Constants.swift */,
				C1556F2D23A616AE0078F0F0 /* Main.storyboard */,
				C1556F3023A616AF0078F0F0 /* Assets.xcassets */,
				C1556F3223A616AF0078F0F0 /* LaunchScreen.storyboard */,
				C1556F3523A616AF0078F0F0 /* Info.plist */,
				C1556F4023A7498A0078F0F0 /* GoogleService-Info.plist */,
			);
			path = nakataPrice;
			sourceTree = "<group>";
		};
		C1556F3B23A616EC0078F0F0 /* Controllers */ = {
			isa = PBXGroup;
			children = (
				C137B549240E45D40069489E /* CatalogView */,
				C10D64D624039E4300349F2D /* ShopView */,
				C1556F2923A616AE0078F0F0 /* CameraViewController.swift */,
				C1556F2B23A616AE0078F0F0 /* SalesViewController.swift */,
				C145D80123F651060025F490 /* ManualAdd.swift */,
			);
			name = Controllers;
			sourceTree = "<group>";
		};
		E98A6558D3D022E27B4B06B5 /* Frameworks */ = {
			isa = PBXGroup;
			children = (
				5ADA8708220F5CCEBDCF8D7B /* Pods_nakataPrice.framework */,
			);
			name = Frameworks;
			sourceTree = "<group>";
		};
/* End PBXGroup section */

/* Begin PBXNativeTarget section */
		C1556F2123A616AE0078F0F0 /* nakataPrice */ = {
			isa = PBXNativeTarget;
			buildConfigurationList = C1556F3823A616AF0078F0F0 /* Build configuration list for PBXNativeTarget "nakataPrice" */;
			buildPhases = (
				06FBF8BB0B57F19EE38066CC /* [CP] Check Pods Manifest.lock */,
				C1556F1E23A616AE0078F0F0 /* Sources */,
				C1556F1F23A616AE0078F0F0 /* Frameworks */,
				C1556F2023A616AE0078F0F0 /* Resources */,
				4CCCF23A54B240843CAD1A2B /* [CP] Embed Pods Frameworks */,
			);
			buildRules = (
			);
			dependencies = (
			);
			name = nakataPrice;
			productName = nakataPrice;
			productReference = C1556F2223A616AE0078F0F0 /* nakataPrice.app */;
			productType = "com.apple.product-type.application";
		};
/* End PBXNativeTarget section */

/* Begin PBXProject section */
		C1556F1A23A616AE0078F0F0 /* Project object */ = {
			isa = PBXProject;
			attributes = {
				LastSwiftUpdateCheck = 1130;
				LastUpgradeCheck = 1130;
				ORGANIZATIONNAME = "Mikio Nakata";
				TargetAttributes = {
					C1556F2123A616AE0078F0F0 = {
						CreatedOnToolsVersion = 11.3;
					};
				};
			};
			buildConfigurationList = C1556F1D23A616AE0078F0F0 /* Build configuration list for PBXProject "nakataPrice" */;
			compatibilityVersion = "Xcode 9.3";
			developmentRegion = en;
			hasScannedForEncodings = 0;
			knownRegions = (
				en,
				Base,
			);
			mainGroup = C1556F1923A616AE0078F0F0;
			productRefGroup = C1556F2323A616AE0078F0F0 /* Products */;
			projectDirPath = "";
			projectRoot = "";
			targets = (
				C1556F2123A616AE0078F0F0 /* nakataPrice */,
			);
		};
/* End PBXProject section */

/* Begin PBXResourcesBuildPhase section */
		C1556F2023A616AE0078F0F0 /* Resources */ = {
			isa = PBXResourcesBuildPhase;
			buildActionMask = 2147483647;
			files = (
				C1556F3423A616AF0078F0F0 /* LaunchScreen.storyboard in Resources */,
				C1556F4123A7498B0078F0F0 /* GoogleService-Info.plist in Resources */,
				C1556F3123A616AF0078F0F0 /* Assets.xcassets in Resources */,
				C1556F2F23A616AE0078F0F0 /* Main.storyboard in Resources */,
			);
			runOnlyForDeploymentPostprocessing = 0;
		};
/* End PBXResourcesBuildPhase section */

/* Begin PBXShellScriptBuildPhase section */
		06FBF8BB0B57F19EE38066CC /* [CP] Check Pods Manifest.lock */ = {
			isa = PBXShellScriptBuildPhase;
			buildActionMask = 2147483647;
			files = (
			);
			inputFileListPaths = (
			);
			inputPaths = (
				"${PODS_PODFILE_DIR_PATH}/Podfile.lock",
				"${PODS_ROOT}/Manifest.lock",
			);
			name = "[CP] Check Pods Manifest.lock";
			outputFileListPaths = (
			);
			outputPaths = (
				"$(DERIVED_FILE_DIR)/Pods-nakataPrice-checkManifestLockResult.txt",
			);
			runOnlyForDeploymentPostprocessing = 0;
			shellPath = /bin/sh;
			shellScript = "diff \"${PODS_PODFILE_DIR_PATH}/Podfile.lock\" \"${PODS_ROOT}/Manifest.lock\" > /dev/null\nif [ $? != 0 ] ; then\n    # print error to STDERR\n    echo \"error: The sandbox is not in sync with the Podfile.lock. Run 'pod install' or update your CocoaPods installation.\" >&2\n    exit 1\nfi\n# This output is used by Xcode 'outputs' to avoid re-running this script phase.\necho \"SUCCESS\" > \"${SCRIPT_OUTPUT_FILE_0}\"\n";
			showEnvVarsInLog = 0;
		};
		4CCCF23A54B240843CAD1A2B /* [CP] Embed Pods Frameworks */ = {
			isa = PBXShellScriptBuildPhase;
			buildActionMask = 2147483647;
			files = (
			);
			inputFileListPaths = (
				"${PODS_ROOT}/Target Support Files/Pods-nakataPrice/Pods-nakataPrice-frameworks-${CONFIGURATION}-input-files.xcfilelist",
			);
			name = "[CP] Embed Pods Frameworks";
			outputFileListPaths = (
				"${PODS_ROOT}/Target Support Files/Pods-nakataPrice/Pods-nakataPrice-frameworks-${CONFIGURATION}-output-files.xcfilelist",
			);
			runOnlyForDeploymentPostprocessing = 0;
			shellPath = /bin/sh;
			shellScript = "\"${PODS_ROOT}/Target Support Files/Pods-nakataPrice/Pods-nakataPrice-frameworks.sh\"\n";
			showEnvVarsInLog = 0;
		};
/* End PBXShellScriptBuildPhase section */

/* Begin PBXSourcesBuildPhase section */
		C1556F1E23A616AE0078F0F0 /* Sources */ = {
			isa = PBXSourcesBuildPhase;
			buildActionMask = 2147483647;
			files = (
				C137B54B240E462D0069489E /* CatalogViewController.swift in Sources */,
				C1560A382402AE3E00D61072 /* ShopVewController.swift in Sources */,
				C1556F2C23A616AE0078F0F0 /* SalesViewController.swift in Sources */,
				C1E52F13240691430018C9B2 /* ContainerViewController.swift in Sources */,
				C10D64DA2403A62400349F2D /* MenuCell.swift in Sources */,
				C137B552240E46B80069489E /* BrandCell.swift in Sources */,
				C145D80623F670260025F490 /* ManualCell.swift in Sources */,
				C1556F2A23A616AE0078F0F0 /* CameraViewController.swift in Sources */,
				C137B550240E468F0069489E /* CustomPageViewController.swift in Sources */,
				C1E52F15240695F70018C9B2 /* ContentViewController.swift in Sources */,
				C10D64D824039F0200349F2D /* MenuViewController.swift in Sources */,
				C145D80223F651060025F490 /* ManualAdd.swift in Sources */,
				C137B54D240E466F0069489E /* DataViewController.swift in Sources */,
				C1E6B16223FBD5FD00FC184D /* AddingScript.swift in Sources */,
				C1556F3D23A6199A0078F0F0 /* ProductCell.swift in Sources */,
				C1556F2623A616AE0078F0F0 /* AppDelegate.swift in Sources */,
				C1556F2823A616AE0078F0F0 /* SceneDelegate.swift in Sources */,
				C1556F3F23A73FB40078F0F0 /* Constants.swift in Sources */,
			);
			runOnlyForDeploymentPostprocessing = 0;
		};
/* End PBXSourcesBuildPhase section */

/* Begin PBXVariantGroup section */
		C1556F2D23A616AE0078F0F0 /* Main.storyboard */ = {
			isa = PBXVariantGroup;
			children = (
				C1556F2E23A616AE0078F0F0 /* Base */,
			);
			name = Main.storyboard;
			sourceTree = "<group>";
		};
		C1556F3223A616AF0078F0F0 /* LaunchScreen.storyboard */ = {
			isa = PBXVariantGroup;
			children = (
				C1556F3323A616AF0078F0F0 /* Base */,
			);
			name = LaunchScreen.storyboard;
			sourceTree = "<group>";
		};
/* End PBXVariantGroup section */

/* Begin XCBuildConfiguration section */
		C1556F3623A616AF0078F0F0 /* Debug */ = {
			isa = XCBuildConfiguration;
			buildSettings = {
				ALWAYS_SEARCH_USER_PATHS = NO;
				CLANG_ANALYZER_NONNULL = YES;
				CLANG_ANALYZER_NUMBER_OBJECT_CONVERSION = YES_AGGRESSIVE;
				CLANG_CXX_LANGUAGE_STANDARD = "gnu++14";
				CLANG_CXX_LIBRARY = "libc++";
				CLANG_ENABLE_MODULES = YES;
				CLANG_ENABLE_OBJC_ARC = YES;
				CLANG_ENABLE_OBJC_WEAK = YES;
				CLANG_WARN_BLOCK_CAPTURE_AUTORELEASING = YES;
				CLANG_WARN_BOOL_CONVERSION = YES;
				CLANG_WARN_COMMA = YES;
				CLANG_WARN_CONSTANT_CONVERSION = YES;
				CLANG_WARN_DEPRECATED_OBJC_IMPLEMENTATIONS = YES;
				CLANG_WARN_DIRECT_OBJC_ISA_USAGE = YES_ERROR;
				CLANG_WARN_DOCUMENTATION_COMMENTS = YES;
				CLANG_WARN_EMPTY_BODY = YES;
				CLANG_WARN_ENUM_CONVERSION = YES;
				CLANG_WARN_INFINITE_RECURSION = YES;
				CLANG_WARN_INT_CONVERSION = YES;
				CLANG_WARN_NON_LITERAL_NULL_CONVERSION = YES;
				CLANG_WARN_OBJC_IMPLICIT_RETAIN_SELF = YES;
				CLANG_WARN_OBJC_LITERAL_CONVERSION = YES;
				CLANG_WARN_OBJC_ROOT_CLASS = YES_ERROR;
				CLANG_WARN_RANGE_LOOP_ANALYSIS = YES;
				CLANG_WARN_STRICT_PROTOTYPES = YES;
				CLANG_WARN_SUSPICIOUS_MOVE = YES;
				CLANG_WARN_UNGUARDED_AVAILABILITY = YES_AGGRESSIVE;
				CLANG_WARN_UNREACHABLE_CODE = YES;
				CLANG_WARN__DUPLICATE_METHOD_MATCH = YES;
				COPY_PHASE_STRIP = NO;
				DEBUG_INFORMATION_FORMAT = dwarf;
				ENABLE_STRICT_OBJC_MSGSEND = YES;
				ENABLE_TESTABILITY = YES;
				GCC_C_LANGUAGE_STANDARD = gnu11;
				GCC_DYNAMIC_NO_PIC = NO;
				GCC_NO_COMMON_BLOCKS = YES;
				GCC_OPTIMIZATION_LEVEL = 0;
				GCC_PREPROCESSOR_DEFINITIONS = (
					"DEBUG=1",
					"$(inherited)",
				);
				GCC_WARN_64_TO_32_BIT_CONVERSION = YES;
				GCC_WARN_ABOUT_RETURN_TYPE = YES_ERROR;
				GCC_WARN_UNDECLARED_SELECTOR = YES;
				GCC_WARN_UNINITIALIZED_AUTOS = YES_AGGRESSIVE;
				GCC_WARN_UNUSED_FUNCTION = YES;
				GCC_WARN_UNUSED_VARIABLE = YES;
				IPHONEOS_DEPLOYMENT_TARGET = 13.2;
				MTL_ENABLE_DEBUG_INFO = INCLUDE_SOURCE;
				MTL_FAST_MATH = YES;
				ONLY_ACTIVE_ARCH = YES;
				SDKROOT = iphoneos;
				SWIFT_ACTIVE_COMPILATION_CONDITIONS = DEBUG;
				SWIFT_OPTIMIZATION_LEVEL = "-Onone";
			};
			name = Debug;
		};
		C1556F3723A616AF0078F0F0 /* Release */ = {
			isa = XCBuildConfiguration;
			buildSettings = {
				ALWAYS_SEARCH_USER_PATHS = NO;
				CLANG_ANALYZER_NONNULL = YES;
				CLANG_ANALYZER_NUMBER_OBJECT_CONVERSION = YES_AGGRESSIVE;
				CLANG_CXX_LANGUAGE_STANDARD = "gnu++14";
				CLANG_CXX_LIBRARY = "libc++";
				CLANG_ENABLE_MODULES = YES;
				CLANG_ENABLE_OBJC_ARC = YES;
				CLANG_ENABLE_OBJC_WEAK = YES;
				CLANG_WARN_BLOCK_CAPTURE_AUTORELEASING = YES;
				CLANG_WARN_BOOL_CONVERSION = YES;
				CLANG_WARN_COMMA = YES;
				CLANG_WARN_CONSTANT_CONVERSION = YES;
				CLANG_WARN_DEPRECATED_OBJC_IMPLEMENTATIONS = YES;
				CLANG_WARN_DIRECT_OBJC_ISA_USAGE = YES_ERROR;
				CLANG_WARN_DOCUMENTATION_COMMENTS = YES;
				CLANG_WARN_EMPTY_BODY = YES;
				CLANG_WARN_ENUM_CONVERSION = YES;
				CLANG_WARN_INFINITE_RECURSION = YES;
				CLANG_WARN_INT_CONVERSION = YES;
				CLANG_WARN_NON_LITERAL_NULL_CONVERSION = YES;
				CLANG_WARN_OBJC_IMPLICIT_RETAIN_SELF = YES;
				CLANG_WARN_OBJC_LITERAL_CONVERSION = YES;
				CLANG_WARN_OBJC_ROOT_CLASS = YES_ERROR;
				CLANG_WARN_RANGE_LOOP_ANALYSIS = YES;
				CLANG_WARN_STRICT_PROTOTYPES = YES;
				CLANG_WARN_SUSPICIOUS_MOVE = YES;
				CLANG_WARN_UNGUARDED_AVAILABILITY = YES_AGGRESSIVE;
				CLANG_WARN_UNREACHABLE_CODE = YES;
				CLANG_WARN__DUPLICATE_METHOD_MATCH = YES;
				COPY_PHASE_STRIP = NO;
				DEBUG_INFORMATION_FORMAT = "dwarf-with-dsym";
				ENABLE_NS_ASSERTIONS = NO;
				ENABLE_STRICT_OBJC_MSGSEND = YES;
				GCC_C_LANGUAGE_STANDARD = gnu11;
				GCC_NO_COMMON_BLOCKS = YES;
				GCC_WARN_64_TO_32_BIT_CONVERSION = YES;
				GCC_WARN_ABOUT_RETURN_TYPE = YES_ERROR;
				GCC_WARN_UNDECLARED_SELECTOR = YES;
				GCC_WARN_UNINITIALIZED_AUTOS = YES_AGGRESSIVE;
				GCC_WARN_UNUSED_FUNCTION = YES;
				GCC_WARN_UNUSED_VARIABLE = YES;
				IPHONEOS_DEPLOYMENT_TARGET = 13.2;
				MTL_ENABLE_DEBUG_INFO = NO;
				MTL_FAST_MATH = YES;
				SDKROOT = iphoneos;
				SWIFT_COMPILATION_MODE = wholemodule;
				SWIFT_OPTIMIZATION_LEVEL = "-O";
				VALIDATE_PRODUCT = YES;
			};
			name = Release;
		};
		C1556F3923A616AF0078F0F0 /* Debug */ = {
			isa = XCBuildConfiguration;
			baseConfigurationReference = D5FB3F9B36B7BCCA5FA7A389 /* Pods-nakataPrice.debug.xcconfig */;
			buildSettings = {
				ASSETCATALOG_COMPILER_APPICON_NAME = AppIcon;
				CODE_SIGN_IDENTITY = "Apple Development";
				CODE_SIGN_STYLE = Automatic;
				DEVELOPMENT_TEAM = FYH7U52GMV;
				INFOPLIST_FILE = nakataPrice/Info.plist;
				LD_RUNPATH_SEARCH_PATHS = (
					"$(inherited)",
					"@executable_path/Frameworks",
				);
				PRODUCT_BUNDLE_IDENTIFIER = com.nakataprice.mikionakata.nakataPrice;
				PRODUCT_NAME = "$(TARGET_NAME)";
				SWIFT_VERSION = 5.0;
				TARGETED_DEVICE_FAMILY = "1,2";
			};
			name = Debug;
		};
		C1556F3A23A616AF0078F0F0 /* Release */ = {
			isa = XCBuildConfiguration;
			baseConfigurationReference = A17952AD301E5A98CBE27C19 /* Pods-nakataPrice.release.xcconfig */;
			buildSettings = {
				ASSETCATALOG_COMPILER_APPICON_NAME = AppIcon;
				CODE_SIGN_IDENTITY = "Apple Development";
				CODE_SIGN_STYLE = Automatic;
				DEVELOPMENT_TEAM = FYH7U52GMV;
				INFOPLIST_FILE = nakataPrice/Info.plist;
				LD_RUNPATH_SEARCH_PATHS = (
					"$(inherited)",
					"@executable_path/Frameworks",
				);
				PRODUCT_BUNDLE_IDENTIFIER = com.nakataprice.mikionakata.nakataPrice;
				PRODUCT_NAME = "$(TARGET_NAME)";
				SWIFT_VERSION = 5.0;
				TARGETED_DEVICE_FAMILY = "1,2";
			};
			name = Release;
		};
/* End XCBuildConfiguration section */

/* Begin XCConfigurationList section */
		C1556F1D23A616AE0078F0F0 /* Build configuration list for PBXProject "nakataPrice" */ = {
			isa = XCConfigurationList;
			buildConfigurations = (
				C1556F3623A616AF0078F0F0 /* Debug */,
				C1556F3723A616AF0078F0F0 /* Release */,
			);
			defaultConfigurationIsVisible = 0;
			defaultConfigurationName = Release;
		};
		C1556F3823A616AF0078F0F0 /* Build configuration list for PBXNativeTarget "nakataPrice" */ = {
			isa = XCConfigurationList;
			buildConfigurations = (
				C1556F3923A616AF0078F0F0 /* Debug */,
				C1556F3A23A616AF0078F0F0 /* Release */,
			);
			defaultConfigurationIsVisible = 0;
			defaultConfigurationName = Release;
		};
/* End XCConfigurationList section */
	};
	rootObject = C1556F1A23A616AE0078F0F0 /* Project object */;
}
